
Microsoft Visual Studio Solution File, Format Version 12.00
# Visual Studio 15
VisualStudioVersion = 15.0.26228.9
MinimumVisualStudioVersion = 10.0.40219.1
Project("{FAE04EC0-301F-11D3-BF4B-00C04F79EFBC}") = "MaratonaXamarin.AndroidApp", "MaratonaXamarin.AndroidApp\MaratonaXamarin.AndroidApp.csproj", "{F55ABCA2-19F5-4D37-A211-F41967ED2968}"
EndProject
Project("{FAE04EC0-301F-11D3-BF4B-00C04F79EFBC}") = "MaratonaXamarin.iOSApp", "MaratonaXamarin.iOSApp\MaratonaXamarin.iOSApp.csproj", "{D181AC4D-BBE1-4B7C-BD23-02893F721612}"
EndProject
Project("{FAE04EC0-301F-11D3-BF4B-00C04F79EFBC}") = "MaratonaXamarin.Shared", "MaratonaXamarin.Shared\MaratonaXamarin.Shared.csproj", "{C61060A1-47A7-4749-80AC-3800273D8FA0}"
EndProject
Global
	GlobalSection(SolutionConfigurationPlatforms) = preSolution
		Ad-Hoc|Any CPU = Ad-Hoc|Any CPU
		Ad-Hoc|iPhone = Ad-Hoc|iPhone
		Ad-Hoc|iPhoneSimulator = Ad-Hoc|iPhoneSimulator
		AppStore|Any CPU = AppStore|Any CPU
		AppStore|iPhone = AppStore|iPhone
		AppStore|iPhoneSimulator = AppStore|iPhoneSimulator
		Debug|Any CPU = Debug|Any CPU
		Debug|iPhone = Debug|iPhone
		Debug|iPhoneSimulator = Debug|iPhoneSimulator
		Release|Any CPU = Release|Any CPU
		Release|iPhone = Release|iPhone
		Release|iPhoneSimulator = Release|iPhoneSimulator
	EndGlobalSection
	GlobalSection(ProjectConfigurationPlatforms) = postSolution
		{F55ABCA2-19F5-4D37-A211-F41967ED2968}.Ad-Hoc|Any CPU.ActiveCfg = Release|Any CPU
		{F55ABCA2-19F5-4D37-A211-F41967ED2968}.Ad-Hoc|Any CPU.Build.0 = Release|Any CPU
		{F55ABCA2-19F5-4D37-A211-F41967ED2968}.Ad-Hoc|Any CPU.Deploy.0 = Release|Any CPU
		{F55ABCA2-19F5-4D37-A211-F41967ED2968}.Ad-Hoc|iPhone.ActiveCfg = Release|Any CPU
		{F55ABCA2-19F5-4D37-A211-F41967ED2968}.Ad-Hoc|iPhone.Build.0 = Release|Any CPU
		{F55ABCA2-19F5-4D37-A211-F41967ED2968}.Ad-Hoc|iPhone.Deploy.0 = Release|Any CPU
		{F55ABCA2-19F5-4D37-A211-F41967ED2968}.Ad-Hoc|iPhoneSimulator.ActiveCfg = Release|Any CPU
		{F55ABCA2-19F5-4D37-A211-F41967ED2968}.Ad-Hoc|iPhoneSimulator.Build.0 = Release|Any CPU
		{F55ABCA2-19F5-4D37-A211-F41967ED2968}.Ad-Hoc|iPhoneSimulator.Deploy.0 = Release|Any CPU
		{F55ABCA2-19F5-4D37-A211-F41967ED2968}.AppStore|Any CPU.ActiveCfg = Release|Any CPU
		{F55ABCA2-19F5-4D37-A211-F41967ED2968}.AppStore|Any CPU.Build.0 = Release|Any CPU
		{F55ABCA2-19F5-4D37-A211-F41967ED2968}.AppStore|Any CPU.Deploy.0 = Release|Any CPU
		{F55ABCA2-19F5-4D37-A211-F41967ED2968}.AppStore|iPhone.ActiveCfg = Release|Any CPU
		{F55ABCA2-19F5-4D37-A211-F41967ED2968}.AppStore|iPhone.Build.0 = Release|Any CPU
		{F55ABCA2-19F5-4D37-A211-F41967ED2968}.AppStore|iPhone.Deploy.0 = Release|Any CPU
		{F55ABCA2-19F5-4D37-A211-F41967ED2968}.AppStore|iPhoneSimulator.ActiveCfg = Release|Any CPU
		{F55ABCA2-19F5-4D37-A211-F41967ED2968}.AppStore|iPhoneSimulator.Build.0 = Release|Any CPU
		{F55ABCA2-19F5-4D37-A211-F41967ED2968}.AppStore|iPhoneSimulator.Deploy.0 = Release|Any CPU
		{F55ABCA2-19F5-4D37-A211-F41967ED2968}.Debug|Any CPU.ActiveCfg = Debug|Any CPU
		{F55ABCA2-19F5-4D37-A211-F41967ED2968}.Debug|Any CPU.Build.0 = Debug|Any CPU
		{F55ABCA2-19F5-4D37-A211-F41967ED2968}.Debug|Any CPU.Deploy.0 = Debug|Any CPU
		{F55ABCA2-19F5-4D37-A211-F41967ED2968}.Debug|iPhone.ActiveCfg = Debug|Any CPU
		{F55ABCA2-19F5-4D37-A211-F41967ED2968}.Debug|iPhone.Build.0 = Debug|Any CPU
		{F55ABCA2-19F5-4D37-A211-F41967ED2968}.Debug|iPhone.Deploy.0 = Debug|Any CPU
		{F55ABCA2-19F5-4D37-A211-F41967ED2968}.Debug|iPhoneSimulator.ActiveCfg = Debug|Any CPU
		{F55ABCA2-19F5-4D37-A211-F41967ED2968}.Debug|iPhoneSimulator.Build.0 = Debug|Any CPU
		{F55ABCA2-19F5-4D37-A211-F41967ED2968}.Debug|iPhoneSimulator.Deploy.0 = Debug|Any CPU
		{F55ABCA2-19F5-4D37-A211-F41967ED2968}.Release|Any CPU.ActiveCfg = Release|Any CPU
		{F55ABCA2-19F5-4D37-A211-F41967ED2968}.Release|Any CPU.Build.0 = Release|Any CPU
		{F55ABCA2-19F5-4D37-A211-F41967ED2968}.Release|Any CPU.Deploy.0 = Release|Any CPU
		{F55ABCA2-19F5-4D37-A211-F41967ED2968}.Release|iPhone.ActiveCfg = Release|Any CPU
		{F55ABCA2-19F5-4D37-A211-F41967ED2968}.Release|iPhone.Build.0 = Release|Any CPU
		{F55ABCA2-19F5-4D37-A211-F41967ED2968}.Release|iPhone.Deploy.0 = Release|Any CPU
		{F55ABCA2-19F5-4D37-A211-F41967ED2968}.Release|iPhoneSimulator.ActiveCfg = Release|Any CPU
		{F55ABCA2-19F5-4D37-A211-F41967ED2968}.Release|iPhoneSimulator.Build.0 = Release|Any CPU
		{F55ABCA2-19F5-4D37-A211-F41967ED2968}.Release|iPhoneSimulator.Deploy.0 = Release|Any CPU
		{D181AC4D-BBE1-4B7C-BD23-02893F721612}.Ad-Hoc|Any CPU.ActiveCfg = Ad-Hoc|iPhone
		{D181AC4D-BBE1-4B7C-BD23-02893F721612}.Ad-Hoc|iPhone.ActiveCfg = Ad-Hoc|iPhone
		{D181AC4D-BBE1-4B7C-BD23-02893F721612}.Ad-Hoc|iPhone.Build.0 = Ad-Hoc|iPhone
		{D181AC4D-BBE1-4B7C-BD23-02893F721612}.Ad-Hoc|iPhoneSimulator.ActiveCfg = Ad-Hoc|iPhoneSimulator
		{D181AC4D-BBE1-4B7C-BD23-02893F721612}.Ad-Hoc|iPhoneSimulator.Build.0 = Ad-Hoc|iPhoneSimulator
		{D181AC4D-BBE1-4B7C-BD23-02893F721612}.AppStore|Any CPU.ActiveCfg = AppStore|iPhone
		{D181AC4D-BBE1-4B7C-BD23-02893F721612}.AppStore|iPhone.ActiveCfg = AppStore|iPhone
		{D181AC4D-BBE1-4B7C-BD23-02893F721612}.AppStore|iPhone.Build.0 = AppStore|iPhone
		{D181AC4D-BBE1-4B7C-BD23-02893F721612}.AppStore|iPhoneSimulator.ActiveCfg = AppStore|iPhoneSimulator
		{D181AC4D-BBE1-4B7C-BD23-02893F721612}.AppStore|iPhoneSimulator.Build.0 = AppStore|iPhoneSimulator
		{D181AC4D-BBE1-4B7C-BD23-02893F721612}.Debug|Any CPU.ActiveCfg = Debug|iPhone
		{D181AC4D-BBE1-4B7C-BD23-02893F721612}.Debug|iPhone.ActiveCfg = Debug|iPhone
		{D181AC4D-BBE1-4B7C-BD23-02893F721612}.Debug|iPhone.Build.0 = Debug|iPhone
		{D181AC4D-BBE1-4B7C-BD23-02893F721612}.Debug|iPhoneSimulator.ActiveCfg = Debug|iPhoneSimulator
		{D181AC4D-BBE1-4B7C-BD23-02893F721612}.Debug|iPhoneSimulator.Build.0 = Debug|iPhoneSimulator
		{D181AC4D-BBE1-4B7C-BD23-02893F721612}.Release|Any CPU.ActiveCfg = Release|iPhone
		{D181AC4D-BBE1-4B7C-BD23-02893F721612}.Release|iPhone.ActiveCfg = Release|iPhone
		{D181AC4D-BBE1-4B7C-BD23-02893F721612}.Release|iPhone.Build.0 = Release|iPhone
		{D181AC4D-BBE1-4B7C-BD23-02893F721612}.Release|iPhoneSimulator.ActiveCfg = Release|iPhoneSimulator
		{D181AC4D-BBE1-4B7C-BD23-02893F721612}.Release|iPhoneSimulator.Build.0 = Release|iPhoneSimulator
		{C61060A1-47A7-4749-80AC-3800273D8FA0}.Ad-Hoc|Any CPU.ActiveCfg = Release|Any CPU
		{C61060A1-47A7-4749-80AC-3800273D8FA0}.Ad-Hoc|Any CPU.Build.0 = Release|Any CPU
		{C61060A1-47A7-4749-80AC-3800273D8FA0}.Ad-Hoc|iPhone.ActiveCfg = Release|Any CPU
		{C61060A1-47A7-4749-80AC-3800273D8FA0}.Ad-Hoc|iPhone.Build.0 = Release|Any CPU
		{C61060A1-47A7-4749-80AC-3800273D8FA0}.Ad-Hoc|iPhoneSimulator.ActiveCfg = Release|Any CPU
		{C61060A1-47A7-4749-80AC-3800273D8FA0}.Ad-Hoc|iPhoneSimulator.Build.0 = Release|Any CPU
		{C61060A1-47A7-4749-80AC-3800273D8FA0}.AppStore|Any CPU.ActiveCfg = Release|Any CPU
		{C61060A1-47A7-4749-80AC-3800273D8FA0}.AppStore|Any CPU.Build.0 = Release|Any CPU
		{C61060A1-47A7-4749-80AC-3800273D8FA0}.AppStore|iPhone.ActiveCfg = Release|Any CPU
		{C61060A1-47A7-4749-80AC-3800273D8FA0}.AppStore|iPhone.Build.0 = Release|Any CPU
		{C61060A1-47A7-4749-80AC-3800273D8FA0}.AppStore|iPhoneSimulator.ActiveCfg = Release|Any CPU
		{C61060A1-47A7-4749-80AC-3800273D8FA0}.AppStore|iPhoneSimulator.Build.0 = Release|Any CPU
		{C61060A1-47A7-4749-80AC-3800273D8FA0}.Debug|Any CPU.ActiveCfg = Debug|Any CPU
		{C61060A1-47A7-4749-80AC-3800273D8FA0}.Debug|Any CPU.Build.0 = Debug|Any CPU
		{C61060A1-47A7-4749-80AC-3800273D8FA0}.Debug|iPhone.ActiveCfg = Debug|Any CPU
		{C61060A1-47A7-4749-80AC-3800273D8FA0}.Debug|iPhone.Build.0 = Debug|Any CPU
		{C61060A1-47A7-4749-80AC-3800273D8FA0}.Debug|iPhoneSimulator.ActiveCfg = Debug|Any CPU
		{C61060A1-47A7-4749-80AC-3800273D8FA0}.Debug|iPhoneSimulator.Build.0 = Debug|Any CPU
		{C61060A1-47A7-4749-80AC-3800273D8FA0}.Release|Any CPU.ActiveCfg = Release|Any CPU
		{C61060A1-47A7-4749-80AC-3800273D8FA0}.Release|Any CPU.Build.0 = Release|Any CPU
		{C61060A1-47A7-4749-80AC-3800273D8FA0}.Release|iPhone.ActiveCfg = Release|Any CPU
		{C61060A1-47A7-4749-80AC-3800273D8FA0}.Release|iPhone.Build.0 = Release|Any CPU
		{C61060A1-47A7-4749-80AC-3800273D8FA0}.Release|iPhoneSimulator.ActiveCfg = Release|Any CPU
		{C61060A1-47A7-4749-80AC-3800273D8FA0}.Release|iPhoneSimulator.Build.0 = Release|Any CPU
	EndGlobalSection
	GlobalSection(SolutionProperties) = preSolution
		HideSolutionNode = FALSE
	EndGlobalSection
EndGlobal
